
Microsoft Visual Studio Solution File, Format Version 11.00
# Visual Studio 2010
# SharpDevelop 4.3
Project("{2150E333-8FDC-42A3-9474-1A3956D46DE8}") = "Solution Items", "Solution Items", "{6E1C959F-F2A8-4686-A223-57C515CA3753}"
	ProjectSection(SolutionItems) = preProject
		OpenVPNManager.FxCop = OpenVPNManager.FxCop
	EndProjectSection
EndProject
Project("{FAE04EC0-301F-11D3-BF4B-00C04F79EFBC}") = "OpenVPNManager", "OpenVPNManager\OpenVPNManager.csproj", "{070C8117-1343-43DC-8644-D820FB0B1C33}"
	ProjectSection(ProjectDependencies) = postProject
		{A5E1C024-F10F-4254-B83A-4653DEFAC1D1} = {A5E1C024-F10F-4254-B83A-4653DEFAC1D1}
		{628FEE46-4538-4286-A827-8EE45BFC3BCD} = {628FEE46-4538-4286-A827-8EE45BFC3BCD}
	EndProjectSection
EndProject
Project("{FAE04EC0-301F-11D3-BF4B-00C04F79EFBC}") = "OpenVPN", "OpenVPN\OpenVPN.csproj", "{628FEE46-4538-4286-A827-8EE45BFC3BCD}"
	ProjectSection(ProjectDependencies) = postProject
		{A5E1C024-F10F-4254-B83A-4653DEFAC1D1} = {A5E1C024-F10F-4254-B83A-4653DEFAC1D1}
	EndProjectSection
EndProject
Project("{FAE04EC0-301F-11D3-BF4B-00C04F79EFBC}") = "OpenVPNManagerService", "OpenVPNManagerService\OpenVPNManagerService.csproj", "{9676859D-F3BE-4A7C-8263-17EA195B0EA6}"
	ProjectSection(ProjectDependencies) = postProject
		{A5E1C024-F10F-4254-B83A-4653DEFAC1D1} = {A5E1C024-F10F-4254-B83A-4653DEFAC1D1}
	EndProjectSection
EndProject
Project("{FAE04EC0-301F-11D3-BF4B-00C04F79EFBC}") = "OpenVPNUtils", "OpenVPNUtils\OpenVPNUtils.csproj", "{A5E1C024-F10F-4254-B83A-4653DEFAC1D1}"
EndProject
Global
	GlobalSection(SolutionConfigurationPlatforms) = preSolution
		Debug|Any CPU = Debug|Any CPU
		Debug|Mixed Platforms = Debug|Mixed Platforms
		Debug|x86 = Debug|x86
		Release|Any CPU = Release|Any CPU
		Release|Mixed Platforms = Release|Mixed Platforms
		Release|x86 = Release|x86
	EndGlobalSection
	GlobalSection(ProjectConfigurationPlatforms) = postSolution
		{070C8117-1343-43DC-8644-D820FB0B1C33}.Debug|Any CPU.ActiveCfg = Debug|Any CPU
		{070C8117-1343-43DC-8644-D820FB0B1C33}.Debug|Any CPU.Build.0 = Debug|Any CPU
		{070C8117-1343-43DC-8644-D820FB0B1C33}.Debug|Mixed Platforms.ActiveCfg = Debug|Any CPU
		{070C8117-1343-43DC-8644-D820FB0B1C33}.Debug|Mixed Platforms.Build.0 = Debug|Any CPU
		{070C8117-1343-43DC-8644-D820FB0B1C33}.Debug|x86.ActiveCfg = Debug|Any CPU
		{070C8117-1343-43DC-8644-D820FB0B1C33}.Release|Any CPU.ActiveCfg = Release|Any CPU
		{070C8117-1343-43DC-8644-D820FB0B1C33}.Release|Any CPU.Build.0 = Release|Any CPU
		{070C8117-1343-43DC-8644-D820FB0B1C33}.Release|Mixed Platforms.ActiveCfg = Release|Any CPU
		{070C8117-1343-43DC-8644-D820FB0B1C33}.Release|Mixed Platforms.Build.0 = Release|Any CPU
		{070C8117-1343-43DC-8644-D820FB0B1C33}.Release|x86.ActiveCfg = Release|Any CPU
		{628FEE46-4538-4286-A827-8EE45BFC3BCD}.Debug|Any CPU.ActiveCfg = Debug|Any CPU
		{628FEE46-4538-4286-A827-8EE45BFC3BCD}.Debug|Any CPU.Build.0 = Debug|Any CPU
		{628FEE46-4538-4286-A827-8EE45BFC3BCD}.Debug|Mixed Platforms.ActiveCfg = Debug|x86
		{628FEE46-4538-4286-A827-8EE45BFC3BCD}.Debug|Mixed Platforms.Build.0 = Debug|x86
		{628FEE46-4538-4286-A827-8EE45BFC3BCD}.Debug|x86.ActiveCfg = Debug|x86
		{628FEE46-4538-4286-A827-8EE45BFC3BCD}.Debug|x86.Build.0 = Debug|x86
		{628FEE46-4538-4286-A827-8EE45BFC3BCD}.Release|Any CPU.ActiveCfg = Release|Any CPU
		{628FEE46-4538-4286-A827-8EE45BFC3BCD}.Release|Any CPU.Build.0 = Release|Any CPU
		{628FEE46-4538-4286-A827-8EE45BFC3BCD}.Release|Mixed Platforms.ActiveCfg = Release|x86
		{628FEE46-4538-4286-A827-8EE45BFC3BCD}.Release|Mixed Platforms.Build.0 = Release|x86
		{628FEE46-4538-4286-A827-8EE45BFC3BCD}.Release|x86.ActiveCfg = Release|x86
		{628FEE46-4538-4286-A827-8EE45BFC3BCD}.Release|x86.Build.0 = Release|x86
		{9676859D-F3BE-4A7C-8263-17EA195B0EA6}.Debug|Any CPU.ActiveCfg = Debug|x86
		{9676859D-F3BE-4A7C-8263-17EA195B0EA6}.Debug|Mixed Platforms.ActiveCfg = Debug|x86
		{9676859D-F3BE-4A7C-8263-17EA195B0EA6}.Debug|Mixed Platforms.Build.0 = Debug|x86
		{9676859D-F3BE-4A7C-8263-17EA195B0EA6}.Debug|x86.ActiveCfg = Debug|x86
		{9676859D-F3BE-4A7C-8263-17EA195B0EA6}.Debug|x86.Build.0 = Debug|x86
		{9676859D-F3BE-4A7C-8263-17EA195B0EA6}.Release|Any CPU.ActiveCfg = Release|x86
		{9676859D-F3BE-4A7C-8263-17EA195B0EA6}.Release|Mixed Platforms.ActiveCfg = Release|x86
		{9676859D-F3BE-4A7C-8263-17EA195B0EA6}.Release|Mixed Platforms.Build.0 = Release|x86
		{9676859D-F3BE-4A7C-8263-17EA195B0EA6}.Release|x86.ActiveCfg = Release|x86
		{9676859D-F3BE-4A7C-8263-17EA195B0EA6}.Release|x86.Build.0 = Release|x86
		{A5E1C024-F10F-4254-B83A-4653DEFAC1D1}.Debug|Any CPU.ActiveCfg = Debug|Any CPU
		{A5E1C024-F10F-4254-B83A-4653DEFAC1D1}.Debug|Any CPU.Build.0 = Debug|Any CPU
		{A5E1C024-F10F-4254-B83A-4653DEFAC1D1}.Debug|Mixed Platforms.ActiveCfg = Debug|Any CPU
		{A5E1C024-F10F-4254-B83A-4653DEFAC1D1}.Debug|Mixed Platforms.Build.0 = Debug|Any CPU
		{A5E1C024-F10F-4254-B83A-4653DEFAC1D1}.Debug|x86.ActiveCfg = Debug|Any CPU
		{A5E1C024-F10F-4254-B83A-4653DEFAC1D1}.Release|Any CPU.ActiveCfg = Release|Any CPU
		{A5E1C024-F10F-4254-B83A-4653DEFAC1D1}.Release|Any CPU.Build.0 = Release|Any CPU
		{A5E1C024-F10F-4254-B83A-4653DEFAC1D1}.Release|Mixed Platforms.ActiveCfg = Release|Any CPU
		{A5E1C024-F10F-4254-B83A-4653DEFAC1D1}.Release|Mixed Platforms.Build.0 = Release|Any CPU
		{A5E1C024-F10F-4254-B83A-4653DEFAC1D1}.Release|x86.ActiveCfg = Release|Any CPU
	EndGlobalSection
	GlobalSection(SolutionProperties) = preSolution
		HideSolutionNode = FALSE
	EndGlobalSection
	GlobalSection(SubversionScc) = preSolution
		Svn-Managed = True
		Manager = AnkhSVN - Subversion Support for Visual Studio
	EndGlobalSection
EndGlobal
